
Microsoft Visual Studio Solution File, Format Version 12.00
# Visual Studio Version 16
VisualStudioVersion = 16.0.33927.289
MinimumVisualStudioVersion = 10.0.40219.1
Project("{FAE04EC0-301F-11D3-BF4B-00C04F79EFBC}") = "3. Variables", "3. Variables\3. Variables.csproj", "{7B6DCC2E-D799-4447-8177-1B72BABA9A44}"
EndProject
Global
	GlobalSection(SolutionConfigurationPlatforms) = preSolution
		Debug|Any CPU = Debug|Any CPU
		Release|Any CPU = Release|Any CPU
	EndGlobalSection
	GlobalSection(ProjectConfigurationPlatforms) = postSolution
		{7B6DCC2E-D799-4447-8177-1B72BABA9A44}.Debug|Any CPU.ActiveCfg = Debug|Any CPU
		{7B6DCC2E-D799-4447-8177-1B72BABA9A44}.Debug|Any CPU.Build.0 = Debug|Any CPU
		{7B6DCC2E-D799-4447-8177-1B72BABA9A44}.Release|Any CPU.ActiveCfg = Release|Any CPU
		{7B6DCC2E-D799-4447-8177-1B72BABA9A44}.Release|Any CPU.Build.0 = Release|Any CPU
	EndGlobalSection
	GlobalSection(SolutionProperties) = preSolution
		HideSolutionNode = FALSE
	EndGlobalSection
	GlobalSection(ExtensibilityGlobals) = postSolution
		SolutionGuid = {3BFB0DB1-B3D6-49CE-8780-C77F495D72FF}
	EndGlobalSection
EndGlobal
